{
  "name": "1.21.60-beta-npm",
  "version": "1.0.0",
  "lockfileVersion": 3,
  "requires": true,
  "packages": {
    "": {
      "name": "1.21.60-beta-npm",
      "version": "1.0.0",
      "license": "ISC",
      "dependencies": {
        "@minecraft/server": "^1.18.0-beta.1.21.60-stable",
        "@minecraft/server-admin": "^1.0.0-beta.1.21.60-stable",
        "@minecraft/server-net": "^1.0.0-beta.1.21.60-stable",
        "@minecraft/server-ui": "^1.4.0-beta.1.21.60-stable"
      }
    },
    "node_modules/@minecraft/common": {
      "version": "1.2.0",
      "resolved": "https://registry.npmjs.org/@minecraft/common/-/common-1.2.0.tgz",
      "integrity": "sha512-JdmEq4P3Z/FtoBzhLijFgMSVFnFRrUoLwY8DHHrgtFo0mfLTOLTB1RErYjLMsA6b7BGVNxkX/pfFRiH7QZ0XwQ=="
    },
    "node_modules/@minecraft/server": {
      "version": "1.18.0-beta.1.21.60-stable",
      "resolved": "https://registry.npmjs.org/@minecraft/server/-/server-1.18.0-beta.1.21.60-stable.tgz",
      "integrity": "sha512-feZjUgO7W1RvzO7IVO08hTNVvjQTS5BOGxZLeMfLl1Mv49u8iiZz8zpM/gJvEarm26qEPRXhEkAZjoXUDx+8Og==",
      "dependencies": {
        "@minecraft/common": "^1.1.0"
      },
      "peerDependencies": {
        "@minecraft/vanilla-data": ">=1.20.70"
      }
    },
    "node_modules/@minecraft/server-admin": {
      "version": "1.0.0-beta.1.21.60-stable",
      "resolved": "https://registry.npmjs.org/@minecraft/server-admin/-/server-admin-1.0.0-beta.1.21.60-stable.tgz",
      "integrity": "sha512-XtTl+ew7xY7aL2wfDA98zkhJxLpBK1ML/knuFznE1LlUYvwqDlICCGN4Uhel1LR8DkVB6jja09IAOEFhI2tfJA==",
      "dependencies": {
        "@minecraft/common": "^1.0.0",
        "@minecraft/server": "^1.0.0"
      }
    },
    "node_modules/@minecraft/server-admin/node_modules/@minecraft/server": {
      "version": "1.17.0",
      "resolved": "https://registry.npmjs.org/@minecraft/server/-/server-1.17.0.tgz",
      "integrity": "sha512-wiirWhwGcUexaPTxsJ6es7pHVil0o6dG6YCUKBeMOfgZI4x8Rt2MP6UQhgEj7NqlCwzk39/EdRoiVyEx4davJQ==",
      "dependencies": {
        "@minecraft/common": "^1.1.0"
      }
    },
    "node_modules/@minecraft/server-net": {
      "version": "1.0.0-beta.1.21.60-stable",
      "resolved": "https://registry.npmjs.org/@minecraft/server-net/-/server-net-1.0.0-beta.1.21.60-stable.tgz",
      "integrity": "sha512-JDCM79iygu/XqW93GEoBvcIqZnPdLDGvPHSMMs2rrxbgKtT2pPHNenXJ36lHSrYVC71SdATSF97ZMi5ddfQLeA==",
      "dependencies": {
        "@minecraft/common": "^1.0.0",
        "@minecraft/server": "^1.0.0",
        "@minecraft/server-admin": "^1.0.0-beta.1.21.60-stable"
      }
    },
    "node_modules/@minecraft/server-net/node_modules/@minecraft/server": {
      "version": "1.17.0",
      "resolved": "https://registry.npmjs.org/@minecraft/server/-/server-1.17.0.tgz",
      "integrity": "sha512-wiirWhwGcUexaPTxsJ6es7pHVil0o6dG6YCUKBeMOfgZI4x8Rt2MP6UQhgEj7NqlCwzk39/EdRoiVyEx4davJQ==",
      "dependencies": {
        "@minecraft/common": "^1.1.0"
      }
    },
    "node_modules/@minecraft/server-ui": {
      "version": "1.4.0-beta.1.21.60-stable",
      "resolved": "https://registry.npmjs.org/@minecraft/server-ui/-/server-ui-1.4.0-beta.1.21.60-stable.tgz",
      "integrity": "sha512-LuQSi6AkgNMEMni8KR0oFQag3q3YEmTfD+yG9Q5BaxYmKBcBaOIG7ex4AOXwbd28mHQ++P7lhAmZAtprlx6jLQ==",
      "dependencies": {
        "@minecraft/common": "^1.0.0",
        "@minecraft/server": "^1.8.0"
      }
    },
    "node_modules/@minecraft/server-ui/node_modules/@minecraft/server": {
      "version": "1.17.0",
      "resolved": "https://registry.npmjs.org/@minecraft/server/-/server-1.17.0.tgz",
      "integrity": "sha512-wiirWhwGcUexaPTxsJ6es7pHVil0o6dG6YCUKBeMOfgZI4x8Rt2MP6UQhgEj7NqlCwzk39/EdRoiVyEx4davJQ==",
      "dependencies": {
        "@minecraft/common": "^1.1.0"
      }
    },
    "node_modules/@minecraft/vanilla-data": {
      "version": "1.21.61",
      "resolved": "https://registry.npmjs.org/@minecraft/vanilla-data/-/vanilla-data-1.21.61.tgz",
      "integrity": "sha512-72IHRtXQw1yS7aH8x2K2LvRaOR2ZQ/lMEA05uARHmxaES5a5GiLx+aAkp5O9ihfh1S5YmjaD47XFRBnYuu68IQ==",
      "peer": true
    }
  }
}
